// !$*UTF8*$!
{
	archiveVersion = 1;
	classes = {
	};
	objectVersion = 55;
	objects = {

/* Begin PBXBuildFile section */
		9818E4E647C9DF6843AABCDA /* Pods_Nudge.framework in Frameworks */ = {isa = PBXBuildFile; fileRef = BB69F93F71DE67B69DF639F2 /* Pods_Nudge.framework */; };
		CA0DC8622791E9B2007809F5 /* OpenSans-Bold.ttf in Resources */ = {isa = PBXBuildFile; fileRef = CA0DC8562791E9B2007809F5 /* OpenSans-Bold.ttf */; };
		CA0DC8652791E9B2007809F5 /* OpenSans-MediumItalic.ttf in Resources */ = {isa = PBXBuildFile; fileRef = CA0DC8592791E9B2007809F5 /* OpenSans-MediumItalic.ttf */; };
		CA0DC8662791E9B2007809F5 /* OpenSans-SemiBold.ttf in Resources */ = {isa = PBXBuildFile; fileRef = CA0DC85A2791E9B2007809F5 /* OpenSans-SemiBold.ttf */; };
		CA0DC8672791E9B2007809F5 /* OpenSans-SemiBoldItalic.ttf in Resources */ = {isa = PBXBuildFile; fileRef = CA0DC85B2791E9B2007809F5 /* OpenSans-SemiBoldItalic.ttf */; };
		CA0DC8692791E9B2007809F5 /* OpenSans-Italic.ttf in Resources */ = {isa = PBXBuildFile; fileRef = CA0DC85D2791E9B2007809F5 /* OpenSans-Italic.ttf */; };
		CA0DC86B2791E9B2007809F5 /* OpenSans-Medium.ttf in Resources */ = {isa = PBXBuildFile; fileRef = CA0DC85F2791E9B2007809F5 /* OpenSans-Medium.ttf */; };
		CA0DC86C2791E9B2007809F5 /* OpenSans-Regular.ttf in Resources */ = {isa = PBXBuildFile; fileRef = CA0DC8602791E9B2007809F5 /* OpenSans-Regular.ttf */; };
		CA0DC86D2791E9B2007809F5 /* OpenSans-Light.ttf in Resources */ = {isa = PBXBuildFile; fileRef = CA0DC8612791E9B2007809F5 /* OpenSans-Light.ttf */; };
		CA0DC87027933F78007809F5 /* MenuButton.swift in Sources */ = {isa = PBXBuildFile; fileRef = CA0DC86F27933F78007809F5 /* MenuButton.swift */; };
		CA12C2302791D5C100CF0F70 /* AppDelegate.swift in Sources */ = {isa = PBXBuildFile; fileRef = CA12C22F2791D5C100CF0F70 /* AppDelegate.swift */; };
		CA12C2322791D5C100CF0F70 /* SceneDelegate.swift in Sources */ = {isa = PBXBuildFile; fileRef = CA12C2312791D5C100CF0F70 /* SceneDelegate.swift */; };
		CA12C2392791D5C300CF0F70 /* Assets.xcassets in Resources */ = {isa = PBXBuildFile; fileRef = CA12C2382791D5C300CF0F70 /* Assets.xcassets */; };
		CA12C23C2791D5C300CF0F70 /* LaunchScreen.storyboard in Resources */ = {isa = PBXBuildFile; fileRef = CA12C23A2791D5C300CF0F70 /* LaunchScreen.storyboard */; };
		CA12C2442791DC1500CF0F70 /* HomeViewController.swift in Sources */ = {isa = PBXBuildFile; fileRef = CA12C2432791DC1500CF0F70 /* HomeViewController.swift */; };
		CA12C2462791DE9200CF0F70 /* Colors.swift in Sources */ = {isa = PBXBuildFile; fileRef = CA12C2452791DE9200CF0F70 /* Colors.swift */; };
		CA12C2482791DF1800CF0F70 /* NudgeButton.swift in Sources */ = {isa = PBXBuildFile; fileRef = CA12C2472791DF1800CF0F70 /* NudgeButton.swift */; };
		CA3D67AF27A330AA00C50D2B /* NewNudgeController.swift in Sources */ = {isa = PBXBuildFile; fileRef = CA3D67AE27A330AA00C50D2B /* NewNudgeController.swift */; };
		CA3D67B127A3373400C50D2B /* GroupListCollectionViewCell.swift in Sources */ = {isa = PBXBuildFile; fileRef = CA3D67B027A3373400C50D2B /* GroupListCollectionViewCell.swift */; };
		CA3D67B327A33F9900C50D2B /* ProfilePictureCollectionViewCell.swift in Sources */ = {isa = PBXBuildFile; fileRef = CA3D67B227A33F9900C50D2B /* ProfilePictureCollectionViewCell.swift */; };
		CA3D67B527A4586500C50D2B /* NewGroupController.swift in Sources */ = {isa = PBXBuildFile; fileRef = CA3D67B427A4586500C50D2B /* NewGroupController.swift */; };
		CA3D67B927A471E000C50D2B /* SearchBarView.swift in Sources */ = {isa = PBXBuildFile; fileRef = CA3D67B827A471DF00C50D2B /* SearchBarView.swift */; };
		CA5BB39F2799ED7A0087DBC6 /* NetworkManager.swift in Sources */ = {isa = PBXBuildFile; fileRef = CA5BB39E2799ED7A0087DBC6 /* NetworkManager.swift */; };
		CA5BB3A12799EE1E0087DBC6 /* NetworkTypes.swift in Sources */ = {isa = PBXBuildFile; fileRef = CA5BB3A02799EE1E0087DBC6 /* NetworkTypes.swift */; };
		CAD049C8279CFCFD00D5F565 /* NudgeButtonTableCell.swift in Sources */ = {isa = PBXBuildFile; fileRef = CAD049C7279CFCFD00D5F565 /* NudgeButtonTableCell.swift */; };
		CAD049CA279DC29A00D5F565 /* NameEntryView.swift in Sources */ = {isa = PBXBuildFile; fileRef = CAD049C9279DC29A00D5F565 /* NameEntryView.swift */; };
		CAD049CD279DC95000D5F565 /* ChooseNameView.swift in Sources */ = {isa = PBXBuildFile; fileRef = CAD049CC279DC95000D5F565 /* ChooseNameView.swift */; };
		CAD049CF279E19C200D5F565 /* ContainerActionView.swift in Sources */ = {isa = PBXBuildFile; fileRef = CAD049CE279E19C200D5F565 /* ContainerActionView.swift */; };
		CAD049D1279E29B800D5F565 /* MyFriendCodeView.swift in Sources */ = {isa = PBXBuildFile; fileRef = CAD049D0279E29B800D5F565 /* MyFriendCodeView.swift */; };
		CAD049D4279E33FA00D5F565 /* FriendController.swift in Sources */ = {isa = PBXBuildFile; fileRef = CAD049D3279E33FA00D5F565 /* FriendController.swift */; };
		CAD049D6279E5A7000D5F565 /* AddFriendCodeView.swift in Sources */ = {isa = PBXBuildFile; fileRef = CAD049D5279E5A7000D5F565 /* AddFriendCodeView.swift */; };
		CAD049D8279F7C8C00D5F565 /* ProfileSetupController.swift in Sources */ = {isa = PBXBuildFile; fileRef = CAD049D7279F7C8C00D5F565 /* ProfileSetupController.swift */; };
		CAD049DA279F834200D5F565 /* UserColorCollectionViewCell.swift in Sources */ = {isa = PBXBuildFile; fileRef = CAD049D9279F834200D5F565 /* UserColorCollectionViewCell.swift */; };
		CAD049DC27A05E2E00D5F565 /* UserPillView.swift in Sources */ = {isa = PBXBuildFile; fileRef = CAD049DB27A05E2E00D5F565 /* UserPillView.swift */; };
		CAD049DE27A05E7300D5F565 /* UserDefaultProfileView.swift in Sources */ = {isa = PBXBuildFile; fileRef = CAD049DD27A05E7300D5F565 /* UserDefaultProfileView.swift */; };
		CAD049E227A0C4B400D5F565 /* FriendListCollectionViewCell.swift in Sources */ = {isa = PBXBuildFile; fileRef = CAD049E127A0C4B400D5F565 /* FriendListCollectionViewCell.swift */; };
		CAE6DED2279C971400980BF5 /* CredentialManager.swift in Sources */ = {isa = PBXBuildFile; fileRef = CAE6DED1279C971400980BF5 /* CredentialManager.swift */; };
/* End PBXBuildFile section */

/* Begin PBXFileReference section */
		48DBD55D637E352804BC5C4F /* Pods-Nudge.release.xcconfig */ = {isa = PBXFileReference; includeInIndex = 1; lastKnownFileType = text.xcconfig; name = "Pods-Nudge.release.xcconfig"; path = "Target Support Files/Pods-Nudge/Pods-Nudge.release.xcconfig"; sourceTree = "<group>"; };
		96B8CF595219E370433E90CF /* Pods-Nudge.debug.xcconfig */ = {isa = PBXFileReference; includeInIndex = 1; lastKnownFileType = text.xcconfig; name = "Pods-Nudge.debug.xcconfig"; path = "Target Support Files/Pods-Nudge/Pods-Nudge.debug.xcconfig"; sourceTree = "<group>"; };
		BB69F93F71DE67B69DF639F2 /* Pods_Nudge.framework */ = {isa = PBXFileReference; explicitFileType = wrapper.framework; includeInIndex = 0; path = Pods_Nudge.framework; sourceTree = BUILT_PRODUCTS_DIR; };
		CA0DC8562791E9B2007809F5 /* OpenSans-Bold.ttf */ = {isa = PBXFileReference; lastKnownFileType = file; path = "OpenSans-Bold.ttf"; sourceTree = "<group>"; };
		CA0DC8592791E9B2007809F5 /* OpenSans-MediumItalic.ttf */ = {isa = PBXFileReference; lastKnownFileType = file; path = "OpenSans-MediumItalic.ttf"; sourceTree = "<group>"; };
		CA0DC85A2791E9B2007809F5 /* OpenSans-SemiBold.ttf */ = {isa = PBXFileReference; lastKnownFileType = file; path = "OpenSans-SemiBold.ttf"; sourceTree = "<group>"; };
		CA0DC85B2791E9B2007809F5 /* OpenSans-SemiBoldItalic.ttf */ = {isa = PBXFileReference; lastKnownFileType = file; path = "OpenSans-SemiBoldItalic.ttf"; sourceTree = "<group>"; };
		CA0DC85D2791E9B2007809F5 /* OpenSans-Italic.ttf */ = {isa = PBXFileReference; lastKnownFileType = file; path = "OpenSans-Italic.ttf"; sourceTree = "<group>"; };
		CA0DC85F2791E9B2007809F5 /* OpenSans-Medium.ttf */ = {isa = PBXFileReference; lastKnownFileType = file; path = "OpenSans-Medium.ttf"; sourceTree = "<group>"; };
		CA0DC8602791E9B2007809F5 /* OpenSans-Regular.ttf */ = {isa = PBXFileReference; lastKnownFileType = file; path = "OpenSans-Regular.ttf"; sourceTree = "<group>"; };
		CA0DC8612791E9B2007809F5 /* OpenSans-Light.ttf */ = {isa = PBXFileReference; lastKnownFileType = file; path = "OpenSans-Light.ttf"; sourceTree = "<group>"; };
		CA0DC86F27933F78007809F5 /* MenuButton.swift */ = {isa = PBXFileReference; lastKnownFileType = sourcecode.swift; path = MenuButton.swift; sourceTree = "<group>"; };
		CA12C22C2791D5C100CF0F70 /* Nudge.app */ = {isa = PBXFileReference; explicitFileType = wrapper.application; includeInIndex = 0; path = Nudge.app; sourceTree = BUILT_PRODUCTS_DIR; };
		CA12C22F2791D5C100CF0F70 /* AppDelegate.swift */ = {isa = PBXFileReference; lastKnownFileType = sourcecode.swift; path = AppDelegate.swift; sourceTree = "<group>"; };
		CA12C2312791D5C100CF0F70 /* SceneDelegate.swift */ = {isa = PBXFileReference; lastKnownFileType = sourcecode.swift; path = SceneDelegate.swift; sourceTree = "<group>"; };
		CA12C2382791D5C300CF0F70 /* Assets.xcassets */ = {isa = PBXFileReference; lastKnownFileType = folder.assetcatalog; path = Assets.xcassets; sourceTree = "<group>"; };
		CA12C23B2791D5C300CF0F70 /* Base */ = {isa = PBXFileReference; lastKnownFileType = file.storyboard; name = Base; path = Base.lproj/LaunchScreen.storyboard; sourceTree = "<group>"; };
		CA12C23D2791D5C300CF0F70 /* Info.plist */ = {isa = PBXFileReference; lastKnownFileType = text.plist.xml; path = Info.plist; sourceTree = "<group>"; };
		CA12C2432791DC1500CF0F70 /* HomeViewController.swift */ = {isa = PBXFileReference; lastKnownFileType = sourcecode.swift; path = HomeViewController.swift; sourceTree = "<group>"; };
		CA12C2452791DE9200CF0F70 /* Colors.swift */ = {isa = PBXFileReference; lastKnownFileType = sourcecode.swift; path = Colors.swift; sourceTree = "<group>"; };
		CA12C2472791DF1800CF0F70 /* NudgeButton.swift */ = {isa = PBXFileReference; lastKnownFileType = sourcecode.swift; path = NudgeButton.swift; sourceTree = "<group>"; };
		CA3D67AE27A330AA00C50D2B /* NewNudgeController.swift */ = {isa = PBXFileReference; lastKnownFileType = sourcecode.swift; path = NewNudgeController.swift; sourceTree = "<group>"; };
		CA3D67B027A3373400C50D2B /* GroupListCollectionViewCell.swift */ = {isa = PBXFileReference; lastKnownFileType = sourcecode.swift; path = GroupListCollectionViewCell.swift; sourceTree = "<group>"; };
		CA3D67B227A33F9900C50D2B /* ProfilePictureCollectionViewCell.swift */ = {isa = PBXFileReference; lastKnownFileType = sourcecode.swift; path = ProfilePictureCollectionViewCell.swift; sourceTree = "<group>"; };
		CA3D67B427A4586500C50D2B /* NewGroupController.swift */ = {isa = PBXFileReference; lastKnownFileType = sourcecode.swift; path = NewGroupController.swift; sourceTree = "<group>"; };
		CA3D67B827A471DF00C50D2B /* SearchBarView.swift */ = {isa = PBXFileReference; lastKnownFileType = sourcecode.swift; path = SearchBarView.swift; sourceTree = "<group>"; };
		CA5BB39E2799ED7A0087DBC6 /* NetworkManager.swift */ = {isa = PBXFileReference; lastKnownFileType = sourcecode.swift; path = NetworkManager.swift; sourceTree = "<group>"; };
		CA5BB3A02799EE1E0087DBC6 /* NetworkTypes.swift */ = {isa = PBXFileReference; lastKnownFileType = sourcecode.swift; path = NetworkTypes.swift; sourceTree = "<group>"; };
		CAD049C6279C9EAE00D5F565 /* Nudge.entitlements */ = {isa = PBXFileReference; lastKnownFileType = text.plist.entitlements; path = Nudge.entitlements; sourceTree = "<group>"; };
		CAD049C7279CFCFD00D5F565 /* NudgeButtonTableCell.swift */ = {isa = PBXFileReference; lastKnownFileType = sourcecode.swift; path = NudgeButtonTableCell.swift; sourceTree = "<group>"; };
		CAD049C9279DC29A00D5F565 /* NameEntryView.swift */ = {isa = PBXFileReference; lastKnownFileType = sourcecode.swift; path = NameEntryView.swift; sourceTree = "<group>"; };
		CAD049CC279DC95000D5F565 /* ChooseNameView.swift */ = {isa = PBXFileReference; lastKnownFileType = sourcecode.swift; path = ChooseNameView.swift; sourceTree = "<group>"; };
		CAD049CE279E19C200D5F565 /* ContainerActionView.swift */ = {isa = PBXFileReference; lastKnownFileType = sourcecode.swift; path = ContainerActionView.swift; sourceTree = "<group>"; };
		CAD049D0279E29B800D5F565 /* MyFriendCodeView.swift */ = {isa = PBXFileReference; lastKnownFileType = sourcecode.swift; path = MyFriendCodeView.swift; sourceTree = "<group>"; };
		CAD049D3279E33FA00D5F565 /* FriendController.swift */ = {isa = PBXFileReference; lastKnownFileType = sourcecode.swift; path = FriendController.swift; sourceTree = "<group>"; };
		CAD049D5279E5A7000D5F565 /* AddFriendCodeView.swift */ = {isa = PBXFileReference; lastKnownFileType = sourcecode.swift; path = AddFriendCodeView.swift; sourceTree = "<group>"; };
		CAD049D7279F7C8C00D5F565 /* ProfileSetupController.swift */ = {isa = PBXFileReference; lastKnownFileType = sourcecode.swift; path = ProfileSetupController.swift; sourceTree = "<group>"; };
		CAD049D9279F834200D5F565 /* UserColorCollectionViewCell.swift */ = {isa = PBXFileReference; lastKnownFileType = sourcecode.swift; path = UserColorCollectionViewCell.swift; sourceTree = "<group>"; };
		CAD049DB27A05E2E00D5F565 /* UserPillView.swift */ = {isa = PBXFileReference; lastKnownFileType = sourcecode.swift; path = UserPillView.swift; sourceTree = "<group>"; };
		CAD049DD27A05E7300D5F565 /* UserDefaultProfileView.swift */ = {isa = PBXFileReference; lastKnownFileType = sourcecode.swift; path = UserDefaultProfileView.swift; sourceTree = "<group>"; };
		CAD049E127A0C4B400D5F565 /* FriendListCollectionViewCell.swift */ = {isa = PBXFileReference; lastKnownFileType = sourcecode.swift; path = FriendListCollectionViewCell.swift; sourceTree = "<group>"; };
		CAE6DED1279C971400980BF5 /* CredentialManager.swift */ = {isa = PBXFileReference; lastKnownFileType = sourcecode.swift; path = CredentialManager.swift; sourceTree = "<group>"; };
/* End PBXFileReference section */

/* Begin PBXFrameworksBuildPhase section */
		CA12C2292791D5C100CF0F70 /* Frameworks */ = {
			isa = PBXFrameworksBuildPhase;
			buildActionMask = 2147483647;
			files = (
				9818E4E647C9DF6843AABCDA /* Pods_Nudge.framework in Frameworks */,
			);
			runOnlyForDeploymentPostprocessing = 0;
		};
/* End PBXFrameworksBuildPhase section */

/* Begin PBXGroup section */
		52448F207FCD147BBA377712 /* Pods */ = {
			isa = PBXGroup;
			children = (
				96B8CF595219E370433E90CF /* Pods-Nudge.debug.xcconfig */,
				48DBD55D637E352804BC5C4F /* Pods-Nudge.release.xcconfig */,
			);
			path = Pods;
			sourceTree = "<group>";
		};
		CA0DC8552791E9A8007809F5 /* Fonts */ = {
			isa = PBXGroup;
			children = (
				CA0DC8562791E9B2007809F5 /* OpenSans-Bold.ttf */,
				CA0DC85D2791E9B2007809F5 /* OpenSans-Italic.ttf */,
				CA0DC8612791E9B2007809F5 /* OpenSans-Light.ttf */,
				CA0DC85F2791E9B2007809F5 /* OpenSans-Medium.ttf */,
				CA0DC8592791E9B2007809F5 /* OpenSans-MediumItalic.ttf */,
				CA0DC8602791E9B2007809F5 /* OpenSans-Regular.ttf */,
				CA0DC85A2791E9B2007809F5 /* OpenSans-SemiBold.ttf */,
				CA0DC85B2791E9B2007809F5 /* OpenSans-SemiBoldItalic.ttf */,
			);
			path = Fonts;
			sourceTree = "<group>";
		};
		CA0DC86E27933F69007809F5 /* Buttons */ = {
			isa = PBXGroup;
			children = (
				CA12C2472791DF1800CF0F70 /* NudgeButton.swift */,
				CA0DC86F27933F78007809F5 /* MenuButton.swift */,
			);
			path = Buttons;
			sourceTree = "<group>";
		};
		CA12C2232791D5C100CF0F70 = {
			isa = PBXGroup;
			children = (
				CA12C22E2791D5C100CF0F70 /* Nudge */,
				CA12C22D2791D5C100CF0F70 /* Products */,
				52448F207FCD147BBA377712 /* Pods */,
				D35E6183219C43A1D29B3B77 /* Frameworks */,
			);
			sourceTree = "<group>";
		};
		CA12C22D2791D5C100CF0F70 /* Products */ = {
			isa = PBXGroup;
			children = (
				CA12C22C2791D5C100CF0F70 /* Nudge.app */,
			);
			name = Products;
			sourceTree = "<group>";
		};
		CA12C22E2791D5C100CF0F70 /* Nudge */ = {
			isa = PBXGroup;
			children = (
				CAD049D2279E337800D5F565 /* ViewControllers */,
				CAD049E027A0C4A100D5F565 /* Cells */,
				CAD049CB279DC93800D5F565 /* Views */,
				CA5BB39D2799EA720087DBC6 /* Network */,
				CA0DC86E27933F69007809F5 /* Buttons */,
				CA0DC8552791E9A8007809F5 /* Fonts */,
				CA12C22F2791D5C100CF0F70 /* AppDelegate.swift */,
				CA12C2312791D5C100CF0F70 /* SceneDelegate.swift */,
				CA12C2452791DE9200CF0F70 /* Colors.swift */,
				CA12C2382791D5C300CF0F70 /* Assets.xcassets */,
				CA12C23A2791D5C300CF0F70 /* LaunchScreen.storyboard */,
				CAD049C6279C9EAE00D5F565 /* Nudge.entitlements */,
				CA12C23D2791D5C300CF0F70 /* Info.plist */,
			);
			path = Nudge;
			sourceTree = "<group>";
		};
		CA5BB39D2799EA720087DBC6 /* Network */ = {
			isa = PBXGroup;
			children = (
				CA5BB39E2799ED7A0087DBC6 /* NetworkManager.swift */,
				CA5BB3A02799EE1E0087DBC6 /* NetworkTypes.swift */,
				CAE6DED1279C971400980BF5 /* CredentialManager.swift */,
			);
			path = Network;
			sourceTree = "<group>";
		};
		CAD049CB279DC93800D5F565 /* Views */ = {
			isa = PBXGroup;
			children = (
				CAD049CC279DC95000D5F565 /* ChooseNameView.swift */,
				CAD049CE279E19C200D5F565 /* ContainerActionView.swift */,
				CAD049C9279DC29A00D5F565 /* NameEntryView.swift */,
				CAD049D0279E29B800D5F565 /* MyFriendCodeView.swift */,
				CAD049D5279E5A7000D5F565 /* AddFriendCodeView.swift */,
				CAD049DB27A05E2E00D5F565 /* UserPillView.swift */,
				CAD049DD27A05E7300D5F565 /* UserDefaultProfileView.swift */,
				CA3D67B827A471DF00C50D2B /* SearchBarView.swift */,
			);
			path = Views;
			sourceTree = "<group>";
		};
		CAD049D2279E337800D5F565 /* ViewControllers */ = {
			isa = PBXGroup;
			children = (
				CA12C2432791DC1500CF0F70 /* HomeViewController.swift */,
				CAD049D7279F7C8C00D5F565 /* ProfileSetupController.swift */,
				CAD049D3279E33FA00D5F565 /* FriendController.swift */,
				CA3D67AE27A330AA00C50D2B /* NewNudgeController.swift */,
				CA3D67B427A4586500C50D2B /* NewGroupController.swift */,
			);
			path = ViewControllers;
			sourceTree = "<group>";
		};
		CAD049E027A0C4A100D5F565 /* Cells */ = {
			isa = PBXGroup;
			children = (
				CAD049C7279CFCFD00D5F565 /* NudgeButtonTableCell.swift */,
				CAD049D9279F834200D5F565 /* UserColorCollectionViewCell.swift */,
				CAD049E127A0C4B400D5F565 /* FriendListCollectionViewCell.swift */,
				CA3D67B027A3373400C50D2B /* GroupListCollectionViewCell.swift */,
				CA3D67B227A33F9900C50D2B /* ProfilePictureCollectionViewCell.swift */,
			);
			path = Cells;
			sourceTree = "<group>";
		};
		D35E6183219C43A1D29B3B77 /* Frameworks */ = {
			isa = PBXGroup;
			children = (
				BB69F93F71DE67B69DF639F2 /* Pods_Nudge.framework */,
			);
			name = Frameworks;
			sourceTree = "<group>";
		};
/* End PBXGroup section */

/* Begin PBXNativeTarget section */
		CA12C22B2791D5C100CF0F70 /* Nudge */ = {
			isa = PBXNativeTarget;
			buildConfigurationList = CA12C2402791D5C300CF0F70 /* Build configuration list for PBXNativeTarget "Nudge" */;
			buildPhases = (
				9578180B33FFE363A03FBF78 /* [CP] Check Pods Manifest.lock */,
				CA12C2282791D5C100CF0F70 /* Sources */,
				CA12C2292791D5C100CF0F70 /* Frameworks */,
				CA12C22A2791D5C100CF0F70 /* Resources */,
				68B6389122E043B4124E82FF /* [CP] Embed Pods Frameworks */,
			);
			buildRules = (
			);
			dependencies = (
			);
			name = Nudge;
			productName = Nudge;
			productReference = CA12C22C2791D5C100CF0F70 /* Nudge.app */;
			productType = "com.apple.product-type.application";
		};
/* End PBXNativeTarget section */

/* Begin PBXProject section */
		CA12C2242791D5C100CF0F70 /* Project object */ = {
			isa = PBXProject;
			attributes = {
				BuildIndependentTargetsInParallel = 1;
				LastSwiftUpdateCheck = 1320;
				LastUpgradeCheck = 1320;
				TargetAttributes = {
					CA12C22B2791D5C100CF0F70 = {
						CreatedOnToolsVersion = 13.2.1;
					};
				};
			};
			buildConfigurationList = CA12C2272791D5C100CF0F70 /* Build configuration list for PBXProject "Nudge" */;
			compatibilityVersion = "Xcode 13.0";
			developmentRegion = en;
			hasScannedForEncodings = 0;
			knownRegions = (
				en,
				Base,
			);
			mainGroup = CA12C2232791D5C100CF0F70;
			productRefGroup = CA12C22D2791D5C100CF0F70 /* Products */;
			projectDirPath = "";
			projectRoot = "";
			targets = (
				CA12C22B2791D5C100CF0F70 /* Nudge */,
			);
		};
/* End PBXProject section */

/* Begin PBXResourcesBuildPhase section */
		CA12C22A2791D5C100CF0F70 /* Resources */ = {
			isa = PBXResourcesBuildPhase;
			buildActionMask = 2147483647;
			files = (
				CA0DC86B2791E9B2007809F5 /* OpenSans-Medium.ttf in Resources */,
				CA0DC8672791E9B2007809F5 /* OpenSans-SemiBoldItalic.ttf in Resources */,
				CA0DC86D2791E9B2007809F5 /* OpenSans-Light.ttf in Resources */,
				CA12C23C2791D5C300CF0F70 /* LaunchScreen.storyboard in Resources */,
				CA0DC8692791E9B2007809F5 /* OpenSans-Italic.ttf in Resources */,
				CA12C2392791D5C300CF0F70 /* Assets.xcassets in Resources */,
				CA0DC8662791E9B2007809F5 /* OpenSans-SemiBold.ttf in Resources */,
				CA0DC8622791E9B2007809F5 /* OpenSans-Bold.ttf in Resources */,
				CA0DC8652791E9B2007809F5 /* OpenSans-MediumItalic.ttf in Resources */,
				CA0DC86C2791E9B2007809F5 /* OpenSans-Regular.ttf in Resources */,
			);
			runOnlyForDeploymentPostprocessing = 0;
		};
/* End PBXResourcesBuildPhase section */

/* Begin PBXShellScriptBuildPhase section */
		68B6389122E043B4124E82FF /* [CP] Embed Pods Frameworks */ = {
			isa = PBXShellScriptBuildPhase;
			buildActionMask = 2147483647;
			files = (
			);
			inputFileListPaths = (
				"${PODS_ROOT}/Target Support Files/Pods-Nudge/Pods-Nudge-frameworks-${CONFIGURATION}-input-files.xcfilelist",
			);
			name = "[CP] Embed Pods Frameworks";
			outputFileListPaths = (
				"${PODS_ROOT}/Target Support Files/Pods-Nudge/Pods-Nudge-frameworks-${CONFIGURATION}-output-files.xcfilelist",
			);
			runOnlyForDeploymentPostprocessing = 0;
			shellPath = /bin/sh;
			shellScript = "\"${PODS_ROOT}/Target Support Files/Pods-Nudge/Pods-Nudge-frameworks.sh\"\n";
			showEnvVarsInLog = 0;
		};
		9578180B33FFE363A03FBF78 /* [CP] Check Pods Manifest.lock */ = {
			isa = PBXShellScriptBuildPhase;
			buildActionMask = 2147483647;
			files = (
			);
			inputFileListPaths = (
			);
			inputPaths = (
				"${PODS_PODFILE_DIR_PATH}/Podfile.lock",
				"${PODS_ROOT}/Manifest.lock",
			);
			name = "[CP] Check Pods Manifest.lock";
			outputFileListPaths = (
			);
			outputPaths = (
				"$(DERIVED_FILE_DIR)/Pods-Nudge-checkManifestLockResult.txt",
			);
			runOnlyForDeploymentPostprocessing = 0;
			shellPath = /bin/sh;
			shellScript = "diff \"${PODS_PODFILE_DIR_PATH}/Podfile.lock\" \"${PODS_ROOT}/Manifest.lock\" > /dev/null\nif [ $? != 0 ] ; then\n    # print error to STDERR\n    echo \"error: The sandbox is not in sync with the Podfile.lock. Run 'pod install' or update your CocoaPods installation.\" >&2\n    exit 1\nfi\n# This output is used by Xcode 'outputs' to avoid re-running this script phase.\necho \"SUCCESS\" > \"${SCRIPT_OUTPUT_FILE_0}\"\n";
			showEnvVarsInLog = 0;
		};
/* End PBXShellScriptBuildPhase section */

/* Begin PBXSourcesBuildPhase section */
		CA12C2282791D5C100CF0F70 /* Sources */ = {
			isa = PBXSourcesBuildPhase;
			buildActionMask = 2147483647;
			files = (
				CAD049CF279E19C200D5F565 /* ContainerActionView.swift in Sources */,
				CAD049CD279DC95000D5F565 /* ChooseNameView.swift in Sources */,
				CA3D67AF27A330AA00C50D2B /* NewNudgeController.swift in Sources */,
				CAD049D8279F7C8C00D5F565 /* ProfileSetupController.swift in Sources */,
				CA3D67B527A4586500C50D2B /* NewGroupController.swift in Sources */,
				CA12C2302791D5C100CF0F70 /* AppDelegate.swift in Sources */,
				CA3D67B327A33F9900C50D2B /* ProfilePictureCollectionViewCell.swift in Sources */,
				CAD049E227A0C4B400D5F565 /* FriendListCollectionViewCell.swift in Sources */,
				CA12C2462791DE9200CF0F70 /* Colors.swift in Sources */,
				CA0DC87027933F78007809F5 /* MenuButton.swift in Sources */,
				CA5BB39F2799ED7A0087DBC6 /* NetworkManager.swift in Sources */,
				CA5BB3A12799EE1E0087DBC6 /* NetworkTypes.swift in Sources */,
				CAD049CA279DC29A00D5F565 /* NameEntryView.swift in Sources */,
				CAE6DED2279C971400980BF5 /* CredentialManager.swift in Sources */,
				CAD049D6279E5A7000D5F565 /* AddFriendCodeView.swift in Sources */,
				CAD049D4279E33FA00D5F565 /* FriendController.swift in Sources */,
				CAD049DC27A05E2E00D5F565 /* UserPillView.swift in Sources */,
				CA3D67B127A3373400C50D2B /* GroupListCollectionViewCell.swift in Sources */,
				CAD049DA279F834200D5F565 /* UserColorCollectionViewCell.swift in Sources */,
				CA12C2322791D5C100CF0F70 /* SceneDelegate.swift in Sources */,
				CAD049C8279CFCFD00D5F565 /* NudgeButtonTableCell.swift in Sources */,
				CA12C2442791DC1500CF0F70 /* HomeViewController.swift in Sources */,
				CA3D67B927A471E000C50D2B /* SearchBarView.swift in Sources */,
				CA12C2482791DF1800CF0F70 /* NudgeButton.swift in Sources */,
				CAD049D1279E29B800D5F565 /* MyFriendCodeView.swift in Sources */,
				CAD049DE27A05E7300D5F565 /* UserDefaultProfileView.swift in Sources */,
			);
			runOnlyForDeploymentPostprocessing = 0;
		};
/* End PBXSourcesBuildPhase section */

/* Begin PBXVariantGroup section */
		CA12C23A2791D5C300CF0F70 /* LaunchScreen.storyboard */ = {
			isa = PBXVariantGroup;
			children = (
				CA12C23B2791D5C300CF0F70 /* Base */,
			);
			name = LaunchScreen.storyboard;
			sourceTree = "<group>";
		};
/* End PBXVariantGroup section */

/* Begin XCBuildConfiguration section */
		CA12C23E2791D5C300CF0F70 /* Debug */ = {
			isa = XCBuildConfiguration;
			buildSettings = {
				ALWAYS_SEARCH_USER_PATHS = NO;
				CLANG_ANALYZER_NONNULL = YES;
				CLANG_ANALYZER_NUMBER_OBJECT_CONVERSION = YES_AGGRESSIVE;
				CLANG_CXX_LANGUAGE_STANDARD = "gnu++17";
				CLANG_CXX_LIBRARY = "libc++";
				CLANG_ENABLE_MODULES = YES;
				CLANG_ENABLE_OBJC_ARC = YES;
				CLANG_ENABLE_OBJC_WEAK = YES;
				CLANG_WARN_BLOCK_CAPTURE_AUTORELEASING = YES;
				CLANG_WARN_BOOL_CONVERSION = YES;
				CLANG_WARN_COMMA = YES;
				CLANG_WARN_CONSTANT_CONVERSION = YES;
				CLANG_WARN_DEPRECATED_OBJC_IMPLEMENTATIONS = YES;
				CLANG_WARN_DIRECT_OBJC_ISA_USAGE = YES_ERROR;
				CLANG_WARN_DOCUMENTATION_COMMENTS = YES;
				CLANG_WARN_EMPTY_BODY = YES;
				CLANG_WARN_ENUM_CONVERSION = YES;
				CLANG_WARN_INFINITE_RECURSION = YES;
				CLANG_WARN_INT_CONVERSION = YES;
				CLANG_WARN_NON_LITERAL_NULL_CONVERSION = YES;
				CLANG_WARN_OBJC_IMPLICIT_RETAIN_SELF = YES;
				CLANG_WARN_OBJC_LITERAL_CONVERSION = YES;
				CLANG_WARN_OBJC_ROOT_CLASS = YES_ERROR;
				CLANG_WARN_QUOTED_INCLUDE_IN_FRAMEWORK_HEADER = YES;
				CLANG_WARN_RANGE_LOOP_ANALYSIS = YES;
				CLANG_WARN_STRICT_PROTOTYPES = YES;
				CLANG_WARN_SUSPICIOUS_MOVE = YES;
				CLANG_WARN_UNGUARDED_AVAILABILITY = YES_AGGRESSIVE;
				CLANG_WARN_UNREACHABLE_CODE = YES;
				CLANG_WARN__DUPLICATE_METHOD_MATCH = YES;
				COPY_PHASE_STRIP = NO;
				DEBUG_INFORMATION_FORMAT = dwarf;
				ENABLE_STRICT_OBJC_MSGSEND = YES;
				ENABLE_TESTABILITY = YES;
				GCC_C_LANGUAGE_STANDARD = gnu11;
				GCC_DYNAMIC_NO_PIC = NO;
				GCC_NO_COMMON_BLOCKS = YES;
				GCC_OPTIMIZATION_LEVEL = 0;
				GCC_PREPROCESSOR_DEFINITIONS = (
					"DEBUG=1",
					"$(inherited)",
				);
				GCC_WARN_64_TO_32_BIT_CONVERSION = YES;
				GCC_WARN_ABOUT_RETURN_TYPE = YES_ERROR;
				GCC_WARN_UNDECLARED_SELECTOR = YES;
				GCC_WARN_UNINITIALIZED_AUTOS = YES_AGGRESSIVE;
				GCC_WARN_UNUSED_FUNCTION = YES;
				GCC_WARN_UNUSED_VARIABLE = YES;
				IPHONEOS_DEPLOYMENT_TARGET = 15.2;
				MTL_ENABLE_DEBUG_INFO = INCLUDE_SOURCE;
				MTL_FAST_MATH = YES;
				ONLY_ACTIVE_ARCH = YES;
				SDKROOT = iphoneos;
				SWIFT_ACTIVE_COMPILATION_CONDITIONS = DEBUG;
				SWIFT_OPTIMIZATION_LEVEL = "-Onone";
			};
			name = Debug;
		};
		CA12C23F2791D5C300CF0F70 /* Release */ = {
			isa = XCBuildConfiguration;
			buildSettings = {
				ALWAYS_SEARCH_USER_PATHS = NO;
				CLANG_ANALYZER_NONNULL = YES;
				CLANG_ANALYZER_NUMBER_OBJECT_CONVERSION = YES_AGGRESSIVE;
				CLANG_CXX_LANGUAGE_STANDARD = "gnu++17";
				CLANG_CXX_LIBRARY = "libc++";
				CLANG_ENABLE_MODULES = YES;
				CLANG_ENABLE_OBJC_ARC = YES;
				CLANG_ENABLE_OBJC_WEAK = YES;
				CLANG_WARN_BLOCK_CAPTURE_AUTORELEASING = YES;
				CLANG_WARN_BOOL_CONVERSION = YES;
				CLANG_WARN_COMMA = YES;
				CLANG_WARN_CONSTANT_CONVERSION = YES;
				CLANG_WARN_DEPRECATED_OBJC_IMPLEMENTATIONS = YES;
				CLANG_WARN_DIRECT_OBJC_ISA_USAGE = YES_ERROR;
				CLANG_WARN_DOCUMENTATION_COMMENTS = YES;
				CLANG_WARN_EMPTY_BODY = YES;
				CLANG_WARN_ENUM_CONVERSION = YES;
				CLANG_WARN_INFINITE_RECURSION = YES;
				CLANG_WARN_INT_CONVERSION = YES;
				CLANG_WARN_NON_LITERAL_NULL_CONVERSION = YES;
				CLANG_WARN_OBJC_IMPLICIT_RETAIN_SELF = YES;
				CLANG_WARN_OBJC_LITERAL_CONVERSION = YES;
				CLANG_WARN_OBJC_ROOT_CLASS = YES_ERROR;
				CLANG_WARN_QUOTED_INCLUDE_IN_FRAMEWORK_HEADER = YES;
				CLANG_WARN_RANGE_LOOP_ANALYSIS = YES;
				CLANG_WARN_STRICT_PROTOTYPES = YES;
				CLANG_WARN_SUSPICIOUS_MOVE = YES;
				CLANG_WARN_UNGUARDED_AVAILABILITY = YES_AGGRESSIVE;
				CLANG_WARN_UNREACHABLE_CODE = YES;
				CLANG_WARN__DUPLICATE_METHOD_MATCH = YES;
				COPY_PHASE_STRIP = NO;
				DEBUG_INFORMATION_FORMAT = "dwarf-with-dsym";
				ENABLE_NS_ASSERTIONS = NO;
				ENABLE_STRICT_OBJC_MSGSEND = YES;
				GCC_C_LANGUAGE_STANDARD = gnu11;
				GCC_NO_COMMON_BLOCKS = YES;
				GCC_WARN_64_TO_32_BIT_CONVERSION = YES;
				GCC_WARN_ABOUT_RETURN_TYPE = YES_ERROR;
				GCC_WARN_UNDECLARED_SELECTOR = YES;
				GCC_WARN_UNINITIALIZED_AUTOS = YES_AGGRESSIVE;
				GCC_WARN_UNUSED_FUNCTION = YES;
				GCC_WARN_UNUSED_VARIABLE = YES;
				IPHONEOS_DEPLOYMENT_TARGET = 15.2;
				MTL_ENABLE_DEBUG_INFO = NO;
				MTL_FAST_MATH = YES;
				SDKROOT = iphoneos;
				SWIFT_COMPILATION_MODE = wholemodule;
				SWIFT_OPTIMIZATION_LEVEL = "-O";
				VALIDATE_PRODUCT = YES;
			};
			name = Release;
		};
		CA12C2412791D5C300CF0F70 /* Debug */ = {
			isa = XCBuildConfiguration;
			baseConfigurationReference = 96B8CF595219E370433E90CF /* Pods-Nudge.debug.xcconfig */;
			buildSettings = {
				ASSETCATALOG_COMPILER_APPICON_NAME = AppIcon;
				ASSETCATALOG_COMPILER_GLOBAL_ACCENT_COLOR_NAME = AccentColor;
				CODE_SIGN_ENTITLEMENTS = Nudge/Nudge.entitlements;
				CODE_SIGN_STYLE = Automatic;
				CURRENT_PROJECT_VERSION = 1;
				DEVELOPMENT_TEAM = 37AKFHT6H5;
				GENERATE_INFOPLIST_FILE = YES;
				INFOPLIST_FILE = Nudge/Info.plist;
				INFOPLIST_KEY_UIApplicationSupportsIndirectInputEvents = YES;
				INFOPLIST_KEY_UILaunchStoryboardName = LaunchScreen;
				INFOPLIST_KEY_UISupportedInterfaceOrientations = "UIInterfaceOrientationPortrait UIInterfaceOrientationPortraitUpsideDown";
				INFOPLIST_KEY_UISupportedInterfaceOrientations_iPad = "UIInterfaceOrientationPortrait UIInterfaceOrientationPortraitUpsideDown UIInterfaceOrientationLandscapeLeft UIInterfaceOrientationLandscapeRight";
				INFOPLIST_KEY_UISupportedInterfaceOrientations_iPhone = UIInterfaceOrientationPortrait;
				IPHONEOS_DEPLOYMENT_TARGET = 13.0;
				LD_RUNPATH_SEARCH_PATHS = (
					"$(inherited)",
					"@executable_path/Frameworks",
				);
				MARKETING_VERSION = 1.0;
				PRODUCT_BUNDLE_IDENTIFIER = elizhang.Nudge;
				PRODUCT_NAME = "$(TARGET_NAME)";
				SWIFT_EMIT_LOC_STRINGS = YES;
				SWIFT_VERSION = 5.0;
				TARGETED_DEVICE_FAMILY = 1;
			};
			name = Debug;
		};
		CA12C2422791D5C300CF0F70 /* Release */ = {
			isa = XCBuildConfiguration;
			baseConfigurationReference = 48DBD55D637E352804BC5C4F /* Pods-Nudge.release.xcconfig */;
			buildSettings = {
				ASSETCATALOG_COMPILER_APPICON_NAME = AppIcon;
				ASSETCATALOG_COMPILER_GLOBAL_ACCENT_COLOR_NAME = AccentColor;
				CODE_SIGN_ENTITLEMENTS = Nudge/Nudge.entitlements;
				CODE_SIGN_STYLE = Automatic;
				CURRENT_PROJECT_VERSION = 1;
				DEVELOPMENT_TEAM = 37AKFHT6H5;
				GENERATE_INFOPLIST_FILE = YES;
				INFOPLIST_FILE = Nudge/Info.plist;
				INFOPLIST_KEY_UIApplicationSupportsIndirectInputEvents = YES;
				INFOPLIST_KEY_UILaunchStoryboardName = LaunchScreen;
				INFOPLIST_KEY_UISupportedInterfaceOrientations = "UIInterfaceOrientationPortrait UIInterfaceOrientationPortraitUpsideDown";
				INFOPLIST_KEY_UISupportedInterfaceOrientations_iPad = "UIInterfaceOrientationPortrait UIInterfaceOrientationPortraitUpsideDown UIInterfaceOrientationLandscapeLeft UIInterfaceOrientationLandscapeRight";
				INFOPLIST_KEY_UISupportedInterfaceOrientations_iPhone = UIInterfaceOrientationPortrait;
				IPHONEOS_DEPLOYMENT_TARGET = 13.0;
				LD_RUNPATH_SEARCH_PATHS = (
					"$(inherited)",
					"@executable_path/Frameworks",
				);
				MARKETING_VERSION = 1.0;
				PRODUCT_BUNDLE_IDENTIFIER = elizhang.Nudge;
				PRODUCT_NAME = "$(TARGET_NAME)";
				SWIFT_EMIT_LOC_STRINGS = YES;
				SWIFT_VERSION = 5.0;
				TARGETED_DEVICE_FAMILY = 1;
			};
			name = Release;
		};
/* End XCBuildConfiguration section */

/* Begin XCConfigurationList section */
		CA12C2272791D5C100CF0F70 /* Build configuration list for PBXProject "Nudge" */ = {
			isa = XCConfigurationList;
			buildConfigurations = (
				CA12C23E2791D5C300CF0F70 /* Debug */,
				CA12C23F2791D5C300CF0F70 /* Release */,
			);
			defaultConfigurationIsVisible = 0;
			defaultConfigurationName = Release;
		};
		CA12C2402791D5C300CF0F70 /* Build configuration list for PBXNativeTarget "Nudge" */ = {
			isa = XCConfigurationList;
			buildConfigurations = (
				CA12C2412791D5C300CF0F70 /* Debug */,
				CA12C2422791D5C300CF0F70 /* Release */,
			);
			defaultConfigurationIsVisible = 0;
			defaultConfigurationName = Release;
		};
/* End XCConfigurationList section */
	};
	rootObject = CA12C2242791D5C100CF0F70 /* Project object */;
}
